
Microsoft Visual Studio Solution File, Format Version 12.00
# Visual Studio 15
VisualStudioVersion = 15.0.28307.329
MinimumVisualStudioVersion = 10.0.40219.1
Project("{FAE04EC0-301F-11D3-BF4B-00C04F79EFBC}") = "Mid 2", "Mid 2\Mid 2.csproj", "{2BAB80B3-09FB-4B2A-AABE-1972E1B0B909}"
EndProject
Global
	GlobalSection(SolutionConfigurationPlatforms) = preSolution
		Debug|Any CPU = Debug|Any CPU
		Release|Any CPU = Release|Any CPU
	EndGlobalSection
	GlobalSection(ProjectConfigurationPlatforms) = postSolution
		{2BAB80B3-09FB-4B2A-AABE-1972E1B0B909}.Debug|Any CPU.ActiveCfg = Debug|Any CPU
		{2BAB80B3-09FB-4B2A-AABE-1972E1B0B909}.Debug|Any CPU.Build.0 = Debug|Any CPU
		{2BAB80B3-09FB-4B2A-AABE-1972E1B0B909}.Release|Any CPU.ActiveCfg = Release|Any CPU
		{2BAB80B3-09FB-4B2A-AABE-1972E1B0B909}.Release|Any CPU.Build.0 = Release|Any CPU
	EndGlobalSection
	GlobalSection(SolutionProperties) = preSolution
		HideSolutionNode = FALSE
	EndGlobalSection
	GlobalSection(ExtensibilityGlobals) = postSolution
		SolutionGuid = {245DF1AB-C86A-4FAF-B95E-F62333C7B591}
	EndGlobalSection
EndGlobal
