
Microsoft Visual Studio Solution File, Format Version 12.00
# Visual Studio 15
VisualStudioVersion = 15.0.28307.329
MinimumVisualStudioVersion = 10.0.40219.1
Project("{FAE04EC0-301F-11D3-BF4B-00C04F79EFBC}") = "Task 1", "Task 1\Task 1.csproj", "{728A33A9-C171-477B-A89F-83904A47688E}"
EndProject
Global
	GlobalSection(SolutionConfigurationPlatforms) = preSolution
		Debug|Any CPU = Debug|Any CPU
		Release|Any CPU = Release|Any CPU
	EndGlobalSection
	GlobalSection(ProjectConfigurationPlatforms) = postSolution
		{728A33A9-C171-477B-A89F-83904A47688E}.Debug|Any CPU.ActiveCfg = Debug|Any CPU
		{728A33A9-C171-477B-A89F-83904A47688E}.Debug|Any CPU.Build.0 = Debug|Any CPU
		{728A33A9-C171-477B-A89F-83904A47688E}.Release|Any CPU.ActiveCfg = Release|Any CPU
		{728A33A9-C171-477B-A89F-83904A47688E}.Release|Any CPU.Build.0 = Release|Any CPU
	EndGlobalSection
	GlobalSection(SolutionProperties) = preSolution
		HideSolutionNode = FALSE
	EndGlobalSection
	GlobalSection(ExtensibilityGlobals) = postSolution
		SolutionGuid = {22F378A7-FECF-4A94-9F90-12EB99C744DB}
	EndGlobalSection
EndGlobal
