
Microsoft Visual Studio Solution File, Format Version 12.00
# Visual Studio 15
VisualStudioVersion = 15.0.28307.329
MinimumVisualStudioVersion = 10.0.40219.1
Project("{FAE04EC0-301F-11D3-BF4B-00C04F79EFBC}") = "Rect", "Rect\Rect.csproj", "{F6DECAFD-8B0E-44DE-A05F-94508E716974}"
EndProject
Global
	GlobalSection(SolutionConfigurationPlatforms) = preSolution
		Debug|Any CPU = Debug|Any CPU
		Release|Any CPU = Release|Any CPU
	EndGlobalSection
	GlobalSection(ProjectConfigurationPlatforms) = postSolution
		{F6DECAFD-8B0E-44DE-A05F-94508E716974}.Debug|Any CPU.ActiveCfg = Debug|Any CPU
		{F6DECAFD-8B0E-44DE-A05F-94508E716974}.Debug|Any CPU.Build.0 = Debug|Any CPU
		{F6DECAFD-8B0E-44DE-A05F-94508E716974}.Release|Any CPU.ActiveCfg = Release|Any CPU
		{F6DECAFD-8B0E-44DE-A05F-94508E716974}.Release|Any CPU.Build.0 = Release|Any CPU
	EndGlobalSection
	GlobalSection(SolutionProperties) = preSolution
		HideSolutionNode = FALSE
	EndGlobalSection
	GlobalSection(ExtensibilityGlobals) = postSolution
		SolutionGuid = {789B91B3-6044-437D-BD62-A0D0D3722EE3}
	EndGlobalSection
EndGlobal
